
Microsoft Visual Studio Solution File, Format Version 12.00
# Visual Studio Version 16
VisualStudioVersion = 16.0.31205.134
MinimumVisualStudioVersion = 10.0.40219.1
Project("{FAE04EC0-301F-11D3-BF4B-00C04F79EFBC}") = "APLICACION2", "APLICACION2\APLICACION2.csproj", "{93730BA1-DB03-4883-836D-E9992E7F5C71}"
EndProject
Global
	GlobalSection(SolutionConfigurationPlatforms) = preSolution
		Debug|Any CPU = Debug|Any CPU
		Release|Any CPU = Release|Any CPU
	EndGlobalSection
	GlobalSection(ProjectConfigurationPlatforms) = postSolution
		{93730BA1-DB03-4883-836D-E9992E7F5C71}.Debug|Any CPU.ActiveCfg = Debug|Any CPU
		{93730BA1-DB03-4883-836D-E9992E7F5C71}.Debug|Any CPU.Build.0 = Debug|Any CPU
		{93730BA1-DB03-4883-836D-E9992E7F5C71}.Release|Any CPU.ActiveCfg = Release|Any CPU
		{93730BA1-DB03-4883-836D-E9992E7F5C71}.Release|Any CPU.Build.0 = Release|Any CPU
	EndGlobalSection
	GlobalSection(SolutionProperties) = preSolution
		HideSolutionNode = FALSE
	EndGlobalSection
	GlobalSection(ExtensibilityGlobals) = postSolution
		SolutionGuid = {1D2C60C3-248F-4514-9E74-6251E4EEBF2B}
	EndGlobalSection
EndGlobal
